
Microsoft Visual Studio Solution File, Format Version 12.00
# Visual Studio Version 17
VisualStudioVersion = 17.3.32819.101
MinimumVisualStudioVersion = 10.0.40219.1
Project("{FAE04EC0-301F-11D3-BF4B-00C04F79EFBC}") = "loginAndRegistration", "loginAndRegistration\loginAndRegistration.csproj", "{CEF077C4-7FE0-4AE5-A758-E1AC430FC835}"
EndProject
Global
	GlobalSection(SolutionConfigurationPlatforms) = preSolution
		Debug|Any CPU = Debug|Any CPU
		Release|Any CPU = Release|Any CPU
	EndGlobalSection
	GlobalSection(ProjectConfigurationPlatforms) = postSolution
		{CEF077C4-7FE0-4AE5-A758-E1AC430FC835}.Debug|Any CPU.ActiveCfg = Debug|Any CPU
		{CEF077C4-7FE0-4AE5-A758-E1AC430FC835}.Debug|Any CPU.Build.0 = Debug|Any CPU
		{CEF077C4-7FE0-4AE5-A758-E1AC430FC835}.Release|Any CPU.ActiveCfg = Release|Any CPU
		{CEF077C4-7FE0-4AE5-A758-E1AC430FC835}.Release|Any CPU.Build.0 = Release|Any CPU
	EndGlobalSection
	GlobalSection(SolutionProperties) = preSolution
		HideSolutionNode = FALSE
	EndGlobalSection
	GlobalSection(ExtensibilityGlobals) = postSolution
		SolutionGuid = {8626930C-5A0C-4886-9CC4-D3644F4BA904}
	EndGlobalSection
EndGlobal
